
Microsoft Visual Studio Solution File, Format Version 12.00
# Visual Studio 14
VisualStudioVersion = 14.0.25420.1
MinimumVisualStudioVersion = 10.0.40219.1
Project("{FAE04EC0-301F-11D3-BF4B-00C04F79EFBC}") = "ConsoleApplication1", "ConsoleApplication1\ConsoleApplication1.csproj", "{0073ED59-E88F-43DB-8B32-1AFCF42C19C3}"
EndProject
Project("{FAE04EC0-301F-11D3-BF4B-00C04F79EFBC}") = "ConsoleApplication2", "ConsoleApplication2\ConsoleApplication2.csproj", "{D9015964-88EB-4181-BDD3-3624798C2AF1}"
EndProject
Project("{FAE04EC0-301F-11D3-BF4B-00C04F79EFBC}") = "ConsoleApplication3", "ConsoleApplication3\ConsoleApplication3.csproj", "{9647A91E-1C8C-4E9D-B64B-3B4A4712B7B0}"
EndProject
Global
	GlobalSection(SolutionConfigurationPlatforms) = preSolution
		Debug|Any CPU = Debug|Any CPU
		Release|Any CPU = Release|Any CPU
	EndGlobalSection
	GlobalSection(ProjectConfigurationPlatforms) = postSolution
		{0073ED59-E88F-43DB-8B32-1AFCF42C19C3}.Debug|Any CPU.ActiveCfg = Debug|Any CPU
		{0073ED59-E88F-43DB-8B32-1AFCF42C19C3}.Debug|Any CPU.Build.0 = Debug|Any CPU
		{0073ED59-E88F-43DB-8B32-1AFCF42C19C3}.Release|Any CPU.ActiveCfg = Release|Any CPU
		{0073ED59-E88F-43DB-8B32-1AFCF42C19C3}.Release|Any CPU.Build.0 = Release|Any CPU
		{D9015964-88EB-4181-BDD3-3624798C2AF1}.Debug|Any CPU.ActiveCfg = Debug|Any CPU
		{D9015964-88EB-4181-BDD3-3624798C2AF1}.Debug|Any CPU.Build.0 = Debug|Any CPU
		{D9015964-88EB-4181-BDD3-3624798C2AF1}.Release|Any CPU.ActiveCfg = Release|Any CPU
		{D9015964-88EB-4181-BDD3-3624798C2AF1}.Release|Any CPU.Build.0 = Release|Any CPU
		{9647A91E-1C8C-4E9D-B64B-3B4A4712B7B0}.Debug|Any CPU.ActiveCfg = Debug|Any CPU
		{9647A91E-1C8C-4E9D-B64B-3B4A4712B7B0}.Debug|Any CPU.Build.0 = Debug|Any CPU
		{9647A91E-1C8C-4E9D-B64B-3B4A4712B7B0}.Release|Any CPU.ActiveCfg = Release|Any CPU
		{9647A91E-1C8C-4E9D-B64B-3B4A4712B7B0}.Release|Any CPU.Build.0 = Release|Any CPU
	EndGlobalSection
	GlobalSection(SolutionProperties) = preSolution
		HideSolutionNode = FALSE
	EndGlobalSection
EndGlobal
